
Microsoft Visual Studio Solution File, Format Version 12.00
# Visual Studio Version 16
VisualStudioVersion = 16.0.29827.131
MinimumVisualStudioVersion = 10.0.40219.1
Project("{FAE04EC0-301F-11D3-BF4B-00C04F79EFBC}") = "SeyruSefer", "SeyruSefer\SeyruSefer.csproj", "{8F746C55-B7EC-40D5-80A1-D610630D028D}"
EndProject
Global
	GlobalSection(SolutionConfigurationPlatforms) = preSolution
		Debug|Any CPU = Debug|Any CPU
		Release|Any CPU = Release|Any CPU
	EndGlobalSection
	GlobalSection(ProjectConfigurationPlatforms) = postSolution
		{8F746C55-B7EC-40D5-80A1-D610630D028D}.Debug|Any CPU.ActiveCfg = Debug|Any CPU
		{8F746C55-B7EC-40D5-80A1-D610630D028D}.Debug|Any CPU.Build.0 = Debug|Any CPU
		{8F746C55-B7EC-40D5-80A1-D610630D028D}.Release|Any CPU.ActiveCfg = Release|Any CPU
		{8F746C55-B7EC-40D5-80A1-D610630D028D}.Release|Any CPU.Build.0 = Release|Any CPU
	EndGlobalSection
	GlobalSection(SolutionProperties) = preSolution
		HideSolutionNode = FALSE
	EndGlobalSection
	GlobalSection(ExtensibilityGlobals) = postSolution
		SolutionGuid = {8DA96E4D-546E-4285-B9A0-74F5B5581332}
	EndGlobalSection
EndGlobal
